
Microsoft Visual Studio Solution File, Format Version 12.00
# Visual Studio Version 17
VisualStudioVersion = 17.5.33402.96
MinimumVisualStudioVersion = 10.0.40219.1
Project("{FAE04EC0-301F-11D3-BF4B-00C04F79EFBC}") = "WinformVLCRtsp", "WinformVLCRtsp\WinformVLCRtsp.csproj", "{8F5FDF76-B870-4574-AF40-C9574C002020}"
EndProject
Global
	GlobalSection(SolutionConfigurationPlatforms) = preSolution
		Debug|Any CPU = Debug|Any CPU
		Release|Any CPU = Release|Any CPU
	EndGlobalSection
	GlobalSection(ProjectConfigurationPlatforms) = postSolution
		{8F5FDF76-B870-4574-AF40-C9574C002020}.Debug|Any CPU.ActiveCfg = Debug|Any CPU
		{8F5FDF76-B870-4574-AF40-C9574C002020}.Debug|Any CPU.Build.0 = Debug|Any CPU
		{8F5FDF76-B870-4574-AF40-C9574C002020}.Release|Any CPU.ActiveCfg = Release|Any CPU
		{8F5FDF76-B870-4574-AF40-C9574C002020}.Release|Any CPU.Build.0 = Release|Any CPU
	EndGlobalSection
	GlobalSection(SolutionProperties) = preSolution
		HideSolutionNode = FALSE
	EndGlobalSection
	GlobalSection(ExtensibilityGlobals) = postSolution
		SolutionGuid = {7C902DB0-671A-491D-9D72-FD1A0847585D}
	EndGlobalSection
EndGlobal
